Microsoft Visual Studio Solution File, Format Version 11.00
# Visual Studio 2008

Project("{77EC0DDF-EB47-629F-9E58-7D05DF9E7CA3}") = "GDC-Spring-2016", "Assembly-CSharp.csproj", "{6F9F4BDC-79EA-15D1-2AA0-8337ED06BA50}"
EndProject
Global
	GlobalSection(SolutionConfigurationPlatforms) = preSolution
		Debug|Any CPU = Debug|Any CPU
		Release|Any CPU = Release|Any CPU
	EndGlobalSection
	GlobalSection(ProjectConfigurationPlatforms) = postSolution
		{6F9F4BDC-79EA-15D1-2AA0-8337ED06BA50}.Debug|Any CPU.ActiveCfg = Debug|Any CPU
		{6F9F4BDC-79EA-15D1-2AA0-8337ED06BA50}.Debug|Any CPU.Build.0 = Debug|Any CPU
		{6F9F4BDC-79EA-15D1-2AA0-8337ED06BA50}.Release|Any CPU.ActiveCfg = Release|Any CPU
		{6F9F4BDC-79EA-15D1-2AA0-8337ED06BA50}.Release|Any CPU.Build.0 = Release|Any CPU
	EndGlobalSection
	GlobalSection(SolutionProperties) = preSolution
		HideSolutionNode = FALSE
	EndGlobalSection
	GlobalSection(MonoDevelopProperties) = preSolution
		StartupItem = Assembly-CSharp.csproj
	EndGlobalSection
EndGlobal
